// !$*UTF8*$!
{
	archiveVersion = 1;
	classes = {
	};
	objectVersion = 46;
	objects = {

/* Begin PBXBuildFile section */
		74663B2619C16A5E0055DBCC /* Foundation.framework in Frameworks */ = {isa = PBXBuildFile; fileRef = 74663B2519C16A5E0055DBCC /* Foundation.framework */; };
		74663B2819C16A5E0055DBCC /* CoreGraphics.framework in Frameworks */ = {isa = PBXBuildFile; fileRef = 74663B2719C16A5E0055DBCC /* CoreGraphics.framework */; };
		74663B2A19C16A5E0055DBCC /* UIKit.framework in Frameworks */ = {isa = PBXBuildFile; fileRef = 74663B2919C16A5E0055DBCC /* UIKit.framework */; };
		74663B3019C16A5E0055DBCC /* InfoPlist.strings in Resources */ = {isa = PBXBuildFile; fileRef = 74663B2E19C16A5E0055DBCC /* InfoPlist.strings */; };
		74663B3219C16A5E0055DBCC /* main.m in Sources */ = {isa = PBXBuildFile; fileRef = 74663B3119C16A5E0055DBCC /* main.m */; };
		74663B3619C16A5E0055DBCC /* SOAppDelegate.m in Sources */ = {isa = PBXBuildFile; fileRef = 74663B3519C16A5E0055DBCC /* SOAppDelegate.m */; };
		74663B3919C16A5E0055DBCC /* Main.storyboard in Resources */ = {isa = PBXBuildFile; fileRef = 74663B3719C16A5E0055DBCC /* Main.storyboard */; };
		74663B3C19C16A5E0055DBCC /* SOViewController.m in Sources */ = {isa = PBXBuildFile; fileRef = 74663B3B19C16A5E0055DBCC /* SOViewController.m */; };
		74663B3E19C16A5E0055DBCC /* Images.xcassets in Resources */ = {isa = PBXBuildFile; fileRef = 74663B3D19C16A5E0055DBCC /* Images.xcassets */; };
		74663B4519C16A5E0055DBCC /* XCTest.framework in Frameworks */ = {isa = PBXBuildFile; fileRef = 74663B4419C16A5E0055DBCC /* XCTest.framework */; };
		74663B4619C16A5E0055DBCC /* Foundation.framework in Frameworks */ = {isa = PBXBuildFile; fileRef = 74663B2519C16A5E0055DBCC /* Foundation.framework */; };
		74663B4719C16A5E0055DBCC /* UIKit.framework in Frameworks */ = {isa = PBXBuildFile; fileRef = 74663B2919C16A5E0055DBCC /* UIKit.framework */; };
		74663B4F19C16A5E0055DBCC /* InfoPlist.strings in Resources */ = {isa = PBXBuildFile; fileRef = 74663B4D19C16A5E0055DBCC /* InfoPlist.strings */; };
		74663B5119C16A5E0055DBCC /* ViewTutorialTests.m in Sources */ = {isa = PBXBuildFile; fileRef = 74663B5019C16A5E0055DBCC /* ViewTutorialTests.m */; };
/* End PBXBuildFile section */

/* Begin PBXContainerItemProxy section */
		74663B4819C16A5E0055DBCC /* PBXContainerItemProxy */ = {
			isa = PBXContainerItemProxy;
			containerPortal = 74663B1A19C16A5E0055DBCC /* Project object */;
			proxyType = 1;
			remoteGlobalIDString = 74663B2119C16A5E0055DBCC;
			remoteInfo = ViewTutorial;
		};
/* End PBXContainerItemProxy section */

/* Begin PBXFileReference section */
		74663B2219C16A5E0055DBCC /* ViewTutorial.app */ = {isa = PBXFileReference; explicitFileType = wrapper.application; includeInIndex = 0; path = ViewTutorial.app; sourceTree = BUILT_PRODUCTS_DIR; };
		74663B2519C16A5E0055DBCC /* Foundation.framework */ = {isa = PBXFileReference; lastKnownFileType = wrapper.framework; name = Foundation.framework; path = System/Library/Frameworks/Foundation.framework; sourceTree = SDKROOT; };
		74663B2719C16A5E0055DBCC /* CoreGraphics.framework */ = {isa = PBXFileReference; lastKnownFileType = wrapper.framework; name = CoreGraphics.framework; path = System/Library/Frameworks/CoreGraphics.framework; sourceTree = SDKROOT; };
		74663B2919C16A5E0055DBCC /* UIKit.framework */ = {isa = PBXFileReference; lastKnownFileType = wrapper.framework; name = UIKit.framework; path = System/Library/Frameworks/UIKit.framework; sourceTree = SDKROOT; };
		74663B2D19C16A5E0055DBCC /* ViewTutorial-Info.plist */ = {isa = PBXFileReference; lastKnownFileType = text.plist.xml; path = "ViewTutorial-Info.plist"; sourceTree = "<group>"; };
		74663B2F19C16A5E0055DBCC /* en */ = {isa = PBXFileReference; lastKnownFileType = text.plist.strings; name = en; path = en.lproj/InfoPlist.strings; sourceTree = "<group>"; };
		74663B3119C16A5E0055DBCC /* main.m */ = {isa = PBXFileReference; lastKnownFileType = sourcecode.c.objc; path = main.m; sourceTree = "<group>"; };
		74663B3319C16A5E0055DBCC /* ViewTutorial-Prefix.pch */ = {isa = PBXFileReference; lastKnownFileType = sourcecode.c.h; path = "ViewTutorial-Prefix.pch"; sourceTree = "<group>"; };
		74663B3419C16A5E0055DBCC /* SOAppDelegate.h */ = {isa = PBXFileReference; lastKnownFileType = sourcecode.c.h; path = SOAppDelegate.h; sourceTree = "<group>"; };
		74663B3519C16A5E0055DBCC /* SOAppDelegate.m */ = {isa = PBXFileReference; lastKnownFileType = sourcecode.c.objc; path = SOAppDelegate.m; sourceTree = "<group>"; };
		74663B3819C16A5E0055DBCC /* Base */ = {isa = PBXFileReference; lastKnownFileType = file.storyboard; name = Base; path = Base.lproj/Main.storyboard; sourceTree = "<group>"; };
		74663B3A19C16A5E0055DBCC /* SOViewController.h */ = {isa = PBXFileReference; lastKnownFileType = sourcecode.c.h; path = SOViewController.h; sourceTree = "<group>"; };
		74663B3B19C16A5E0055DBCC /* SOViewController.m */ = {isa = PBXFileReference; lastKnownFileType = sourcecode.c.objc; path = SOViewController.m; sourceTree = "<group>"; };
		74663B3D19C16A5E0055DBCC /* Images.xcassets */ = {isa = PBXFileReference; lastKnownFileType = folder.assetcatalog; path = Images.xcassets; sourceTree = "<group>"; };
		74663B4319C16A5E0055DBCC /* ViewTutorialTests.xctest */ = {isa = PBXFileReference; explicitFileType = wrapper.cfbundle; includeInIndex = 0; path = ViewTutorialTests.xctest; sourceTree = BUILT_PRODUCTS_DIR; };
		74663B4419C16A5E0055DBCC /* XCTest.framework */ = {isa = PBXFileReference; lastKnownFileType = wrapper.framework; name = XCTest.framework; path = Library/Frameworks/XCTest.framework; sourceTree = DEVELOPER_DIR; };
		74663B4C19C16A5E0055DBCC /* ViewTutorialTests-Info.plist */ = {isa = PBXFileReference; lastKnownFileType = text.plist.xml; path = "ViewTutorialTests-Info.plist"; sourceTree = "<group>"; };
		74663B4E19C16A5E0055DBCC /* en */ = {isa = PBXFileReference; lastKnownFileType = text.plist.strings; name = en; path = en.lproj/InfoPlist.strings; sourceTree = "<group>"; };
		74663B5019C16A5E0055DBCC /* ViewTutorialTests.m */ = {isa = PBXFileReference; lastKnownFileType = sourcecode.c.objc; path = ViewTutorialTests.m; sourceTree = "<group>"; };
/* End PBXFileReference section */

/* Begin PBXFrameworksBuildPhase section */
		74663B1F19C16A5E0055DBCC /* Frameworks */ = {
			isa = PBXFrameworksBuildPhase;
			buildActionMask = 2147483647;
			files = (
				74663B2819C16A5E0055DBCC /* CoreGraphics.framework in Frameworks */,
				74663B2A19C16A5E0055DBCC /* UIKit.framework in Frameworks */,
				74663B2619C16A5E0055DBCC /* Foundation.framework in Frameworks */,
			);
			runOnlyForDeploymentPostprocessing = 0;
		};
		74663B4019C16A5E0055DBCC /* Frameworks */ = {
			isa = PBXFrameworksBuildPhase;
			buildActionMask = 2147483647;
			files = (
				74663B4519C16A5E0055DBCC /* XCTest.framework in Frameworks */,
				74663B4719C16A5E0055DBCC /* UIKit.framework in Frameworks */,
				74663B4619C16A5E0055DBCC /* Foundation.framework in Frameworks */,
			);
			runOnlyForDeploymentPostprocessing = 0;
		};
/* End PBXFrameworksBuildPhase section */

/* Begin PBXGroup section */
		74663B1919C16A5E0055DBCC = {
			isa = PBXGroup;
			children = (
				74663B2B19C16A5E0055DBCC /* ViewTutorial */,
				74663B4A19C16A5E0055DBCC /* ViewTutorialTests */,
				74663B2419C16A5E0055DBCC /* Frameworks */,
				74663B2319C16A5E0055DBCC /* Products */,
			);
			sourceTree = "<group>";
		};
		74663B2319C16A5E0055DBCC /* Products */ = {
			isa = PBXGroup;
			children = (
				74663B2219C16A5E0055DBCC /* ViewTutorial.app */,
				74663B4319C16A5E0055DBCC /* ViewTutorialTests.xctest */,
			);
			name = Products;
			sourceTree = "<group>";
		};
		74663B2419C16A5E0055DBCC /* Frameworks */ = {
			isa = PBXGroup;
			children = (
				74663B2519C16A5E0055DBCC /* Foundation.framework */,
				74663B2719C16A5E0055DBCC /* CoreGraphics.framework */,
				74663B2919C16A5E0055DBCC /* UIKit.framework */,
				74663B4419C16A5E0055DBCC /* XCTest.framework */,
			);
			name = Frameworks;
			sourceTree = "<group>";
		};
		74663B2B19C16A5E0055DBCC /* ViewTutorial */ = {
			isa = PBXGroup;
			children = (
				74663B3419C16A5E0055DBCC /* SOAppDelegate.h */,
				74663B3519C16A5E0055DBCC /* SOAppDelegate.m */,
				74663B3719C16A5E0055DBCC /* Main.storyboard */,
				74663B3A19C16A5E0055DBCC /* SOViewController.h */,
				74663B3B19C16A5E0055DBCC /* SOViewController.m */,
				74663B3D19C16A5E0055DBCC /* Images.xcassets */,
				74663B2C19C16A5E0055DBCC /* Supporting Files */,
			);
			path = ViewTutorial;
			sourceTree = "<group>";
		};
		74663B2C19C16A5E0055DBCC /* Supporting Files */ = {
			isa = PBXGroup;
			children = (
				74663B2D19C16A5E0055DBCC /* ViewTutorial-Info.plist */,
				74663B2E19C16A5E0055DBCC /* InfoPlist.strings */,
				74663B3119C16A5E0055DBCC /* main.m */,
				74663B3319C16A5E0055DBCC /* ViewTutorial-Prefix.pch */,
			);
			name = "Supporting Files";
			sourceTree = "<group>";
		};
		74663B4A19C16A5E0055DBCC /* ViewTutorialTests */ = {
			isa = PBXGroup;
			children = (
				74663B5019C16A5E0055DBCC /* ViewTutorialTests.m */,
				74663B4B19C16A5E0055DBCC /* Supporting Files */,
			);
			path = ViewTutorialTests;
			sourceTree = "<group>";
		};
		74663B4B19C16A5E0055DBCC /* Supporting Files */ = {
			isa = PBXGroup;
			children = (
				74663B4C19C16A5E0055DBCC /* ViewTutorialTests-Info.plist */,
				74663B4D19C16A5E0055DBCC /* InfoPlist.strings */,
			);
			name = "Supporting Files";
			sourceTree = "<group>";
		};
/* End PBXGroup section */

/* Begin PBXNativeTarget section */
		74663B2119C16A5E0055DBCC /* ViewTutorial */ = {
			isa = PBXNativeTarget;
			buildConfigurationList = 74663B5419C16A5E0055DBCC /* Build configuration list for PBXNativeTarget "ViewTutorial" */;
			buildPhases = (
				74663B1E19C16A5E0055DBCC /* Sources */,
				74663B1F19C16A5E0055DBCC /* Frameworks */,
				74663B2019C16A5E0055DBCC /* Resources */,
			);
			buildRules = (
			);
			dependencies = (
			);
			name = ViewTutorial;
			productName = ViewTutorial;
			productReference = 74663B2219C16A5E0055DBCC /* ViewTutorial.app */;
			productType = "com.apple.product-type.application";
		};
		74663B4219C16A5E0055DBCC /* ViewTutorialTests */ = {
			isa = PBXNativeTarget;
			buildConfigurationList = 74663B5719C16A5E0055DBCC /* Build configuration list for PBXNativeTarget "ViewTutorialTests" */;
			buildPhases = (
				74663B3F19C16A5E0055DBCC /* Sources */,
				74663B4019C16A5E0055DBCC /* Frameworks */,
				74663B4119C16A5E0055DBCC /* Resources */,
			);
			buildRules = (
			);
			dependencies = (
				74663B4919C16A5E0055DBCC /* PBXTargetDependency */,
			);
			name = ViewTutorialTests;
			productName = ViewTutorialTests;
			productReference = 74663B4319C16A5E0055DBCC /* ViewTutorialTests.xctest */;
			productType = "com.apple.product-type.bundle.unit-test";
		};
/* End PBXNativeTarget section */

/* Begin PBXProject section */
		74663B1A19C16A5E0055DBCC /* Project object */ = {
			isa = PBXProject;
			attributes = {
				CLASSPREFIX = SO;
				LastUpgradeCheck = 0510;
				ORGANIZATIONNAME = "Sean O'Keeffe";
				TargetAttributes = {
					74663B4219C16A5E0055DBCC = {
						TestTargetID = 74663B2119C16A5E0055DBCC;
					};
				};
			};
			buildConfigurationList = 74663B1D19C16A5E0055DBCC /* Build configuration list for PBXProject "ViewTutorial" */;
			compatibilityVersion = "Xcode 3.2";
			developmentRegion = English;
			hasScannedForEncodings = 0;
			knownRegions = (
				en,
				Base,
			);
			mainGroup = 74663B1919C16A5E0055DBCC;
			productRefGroup = 74663B2319C16A5E0055DBCC /* Products */;
			projectDirPath = "";
			projectRoot = "";
			targets = (
				74663B2119C16A5E0055DBCC /* ViewTutorial */,
				74663B4219C16A5E0055DBCC /* ViewTutorialTests */,
			);
		};
/* End PBXProject section */

/* Begin PBXResourcesBuildPhase section */
		74663B2019C16A5E0055DBCC /* Resources */ = {
			isa = PBXResourcesBuildPhase;
			buildActionMask = 2147483647;
			files = (
				74663B3E19C16A5E0055DBCC /* Images.xcassets in Resources */,
				74663B3019C16A5E0055DBCC /* InfoPlist.strings in Resources */,
				74663B3919C16A5E0055DBCC /* Main.storyboard in Resources */,
			);
			runOnlyForDeploymentPostprocessing = 0;
		};
		74663B4119C16A5E0055DBCC /* Resources */ = {
			isa = PBXResourcesBuildPhase;
			buildActionMask = 2147483647;
			files = (
				74663B4F19C16A5E0055DBCC /* InfoPlist.strings in Resources */,
			);
			runOnlyForDeploymentPostprocessing = 0;
		};
/* End PBXResourcesBuildPhase section */

/* Begin PBXSourcesBuildPhase section */
		74663B1E19C16A5E0055DBCC /* Sources */ = {
			isa = PBXSourcesBuildPhase;
			buildActionMask = 2147483647;
			files = (
				74663B3619C16A5E0055DBCC /* SOAppDelegate.m in Sources */,
				74663B3C19C16A5E0055DBCC /* SOViewController.m in Sources */,
				74663B3219C16A5E0055DBCC /* main.m in Sources */,
			);
			runOnlyForDeploymentPostprocessing = 0;
		};
		74663B3F19C16A5E0055DBCC /* Sources */ = {
			isa = PBXSourcesBuildPhase;
			buildActionMask = 2147483647;
			files = (
				74663B5119C16A5E0055DBCC /* ViewTutorialTests.m in Sources */,
			);
			runOnlyForDeploymentPostprocessing = 0;
		};
/* End PBXSourcesBuildPhase section */

/* Begin PBXTargetDependency section */
		74663B4919C16A5E0055DBCC /* PBXTargetDependency */ = {
			isa = PBXTargetDependency;
			target = 74663B2119C16A5E0055DBCC /* ViewTutorial */;
			targetProxy = 74663B4819C16A5E0055DBCC /* PBXContainerItemProxy */;
		};
/* End PBXTargetDependency section */

/* Begin PBXVariantGroup section */
		74663B2E19C16A5E0055DBCC /* InfoPlist.strings */ = {
			isa = PBXVariantGroup;
			children = (
				74663B2F19C16A5E0055DBCC /* en */,
			);
			name = InfoPlist.strings;
			sourceTree = "<group>";
		};
		74663B3719C16A5E0055DBCC /* Main.storyboard */ = {
			isa = PBXVariantGroup;
			children = (
				74663B3819C16A5E0055DBCC /* Base */,
			);
			name = Main.storyboard;
			sourceTree = "<group>";
		};
		74663B4D19C16A5E0055DBCC /* InfoPlist.strings */ = {
			isa = PBXVariantGroup;
			children = (
				74663B4E19C16A5E0055DBCC /* en */,
			);
			name = InfoPlist.strings;
			sourceTree = "<group>";
		};
/* End PBXVariantGroup section */

/* Begin XCBuildConfiguration section */
		74663B5219C16A5E0055DBCC /* Debug */ = {
			isa = XCBuildConfiguration;
			buildSettings = {
				ALWAYS_SEARCH_USER_PATHS = NO;
				CLANG_CXX_LANGUAGE_STANDARD = "gnu++0x";
				CLANG_CXX_LIBRARY = "libc++";
				CLANG_ENABLE_MODULES = YES;
				CLANG_ENABLE_OBJC_ARC = YES;
				CLANG_WARN_BOOL_CONVERSION = YES;
				CLANG_WARN_CONSTANT_CONVERSION = YES;
				CLANG_WARN_DIRECT_OBJC_ISA_USAGE = YES_ERROR;
				CLANG_WARN_EMPTY_BODY = YES;
				CLANG_WARN_ENUM_CONVERSION = YES;
				CLANG_WARN_INT_CONVERSION = YES;
				CLANG_WARN_OBJC_ROOT_CLASS = YES_ERROR;
				CLANG_WARN__DUPLICATE_METHOD_MATCH = YES;
				"CODE_SIGN_IDENTITY[sdk=iphoneos*]" = "iPhone Developer";
				COPY_PHASE_STRIP = NO;
				GCC_C_LANGUAGE_STANDARD = gnu99;
				GCC_DYNAMIC_NO_PIC = NO;
				GCC_OPTIMIZATION_LEVEL = 0;
				GCC_PREPROCESSOR_DEFINITIONS = (
					"DEBUG=1",
					"$(inherited)",
				);
				GCC_SYMBOLS_PRIVATE_EXTERN = NO;
				GCC_WARN_64_TO_32_BIT_CONVERSION = YES;
				GCC_WARN_ABOUT_RETURN_TYPE = YES_ERROR;
				GCC_WARN_UNDECLARED_SELECTOR = YES;
				GCC_WARN_UNINITIALIZED_AUTOS = YES_AGGRESSIVE;
				GCC_WARN_UNUSED_FUNCTION = YES;
				GCC_WARN_UNUSED_VARIABLE = YES;
				IPHONEOS_DEPLOYMENT_TARGET = 7.1;
				ONLY_ACTIVE_ARCH = YES;
				SDKROOT = iphoneos;
			};
			name = Debug;
		};
		74663B5319C16A5E0055DBCC /* Release */ = {
			isa = XCBuildConfiguration;
			buildSettings = {
				ALWAYS_SEARCH_USER_PATHS = NO;
				CLANG_CXX_LANGUAGE_STANDARD = "gnu++0x";
				CLANG_CXX_LIBRARY = "libc++";
				CLANG_ENABLE_MODULES = YES;
				CLANG_ENABLE_OBJC_ARC = YES;
				CLANG_WARN_BOOL_CONVERSION = YES;
				CLANG_WARN_CONSTANT_CONVERSION = YES;
				CLANG_WARN_DIRECT_OBJC_ISA_USAGE = YES_ERROR;
				CLANG_WARN_EMPTY_BODY = YES;
				CLANG_WARN_ENUM_CONVERSION = YES;
				CLANG_WARN_INT_CONVERSION = YES;
				CLANG_WARN_OBJC_ROOT_CLASS = YES_ERROR;
				CLANG_WARN__DUPLICATE_METHOD_MATCH = YES;
				"CODE_SIGN_IDENTITY[sdk=iphoneos*]" = "iPhone Developer";
				COPY_PHASE_STRIP = YES;
				ENABLE_NS_ASSERTIONS = NO;
				GCC_C_LANGUAGE_STANDARD = gnu99;
				GCC_WARN_64_TO_32_BIT_CONVERSION = YES;
				GCC_WARN_ABOUT_RETURN_TYPE = YES_ERROR;
				GCC_WARN_UNDECLARED_SELECTOR = YES;
				GCC_WARN_UNINITIALIZED_AUTOS = YES_AGGRESSIVE;
				GCC_WARN_UNUSED_FUNCTION = YES;
				GCC_WARN_UNUSED_VARIABLE = YES;
				IPHONEOS_DEPLOYMENT_TARGET = 7.1;
				SDKROOT = iphoneos;
				VALIDATE_PRODUCT = YES;
			};
			name = Release;
		};
		74663B5519C16A5E0055DBCC /* Debug */ = {
			isa = XCBuildConfiguration;
			buildSettings = {
				ASSETCATALOG_COMPILER_APPICON_NAME = AppIcon;
				ASSETCATALOG_COMPILER_LAUNCHIMAGE_NAME = LaunchImage;
				GCC_PRECOMPILE_PREFIX_HEADER = YES;
				GCC_PREFIX_HEADER = "ViewTutorial/ViewTutorial-Prefix.pch";
				INFOPLIST_FILE = "ViewTutorial/ViewTutorial-Info.plist";
				PRODUCT_NAME = "$(TARGET_NAME)";
				WRAPPER_EXTENSION = app;
			};
			name = Debug;
		};
		74663B5619C16A5E0055DBCC /* Release */ = {
			isa = XCBuildConfiguration;
			buildSettings = {
				ASSETCATALOG_COMPILER_APPICON_NAME = AppIcon;
				ASSETCATALOG_COMPILER_LAUNCHIMAGE_NAME = LaunchImage;
				GCC_PRECOMPILE_PREFIX_HEADER = YES;
				GCC_PREFIX_HEADER = "ViewTutorial/ViewTutorial-Prefix.pch";
				INFOPLIST_FILE = "ViewTutorial/ViewTutorial-Info.plist";
				PRODUCT_NAME = "$(TARGET_NAME)";
				WRAPPER_EXTENSION = app;
			};
			name = Release;
		};
		74663B5819C16A5E0055DBCC /* Debug */ = {
			isa = XCBuildConfiguration;
			buildSettings = {
				BUNDLE_LOADER = "$(BUILT_PRODUCTS_DIR)/ViewTutorial.app/ViewTutorial";
				FRAMEWORK_SEARCH_PATHS = (
					"$(SDKROOT)/Developer/Library/Frameworks",
					"$(inherited)",
					"$(DEVELOPER_FRAMEWORKS_DIR)",
				);
				GCC_PRECOMPILE_PREFIX_HEADER = YES;
				GCC_PREFIX_HEADER = "ViewTutorial/ViewTutorial-Prefix.pch";
				GCC_PREPROCESSOR_DEFINITIONS = (
					"DEBUG=1",
					"$(inherited)",
				);
				INFOPLIST_FILE = "ViewTutorialTests/ViewTutorialTests-Info.plist";
				PRODUCT_NAME = "$(TARGET_NAME)";
				TEST_HOST = "$(BUNDLE_LOADER)";
				WRAPPER_EXTENSION = xctest;
			};
			name = Debug;
		};
		74663B5919C16A5E0055DBCC /* Release */ = {
			isa = XCBuildConfiguration;
			buildSettings = {
				BUNDLE_LOADER = "$(BUILT_PRODUCTS_DIR)/ViewTutorial.app/ViewTutorial";
				FRAMEWORK_SEARCH_PATHS = (
					"$(SDKROOT)/Developer/Library/Frameworks",
					"$(inherited)",
					"$(DEVELOPER_FRAMEWORKS_DIR)",
				);
				GCC_PRECOMPILE_PREFIX_HEADER = YES;
				GCC_PREFIX_HEADER = "ViewTutorial/ViewTutorial-Prefix.pch";
				INFOPLIST_FILE = "ViewTutorialTests/ViewTutorialTests-Info.plist";
				PRODUCT_NAME = "$(TARGET_NAME)";
				TEST_HOST = "$(BUNDLE_LOADER)";
				WRAPPER_EXTENSION = xctest;
			};
			name = Release;
		};
/* End XCBuildConfiguration section */

/* Begin XCConfigurationList section */
		74663B1D19C16A5E0055DBCC /* Build configuration list for PBXProject "ViewTutorial" */ = {
			isa = XCConfigurationList;
			buildConfigurations = (
				74663B5219C16A5E0055DBCC /* Debug */,
				74663B5319C16A5E0055DBCC /* Release */,
			);
			defaultConfigurationIsVisible = 0;
			defaultConfigurationName = Release;
		};
		74663B5419C16A5E0055DBCC /* Build configuration list for PBXNativeTarget "ViewTutorial" */ = {
			isa = XCConfigurationList;
			buildConfigurations = (
				74663B5519C16A5E0055DBCC /* Debug */,
				74663B5619C16A5E0055DBCC /* Release */,
			);
			defaultConfigurationIsVisible = 0;
		};
		74663B5719C16A5E0055DBCC /* Build configuration list for PBXNativeTarget "ViewTutorialTests" */ = {
			isa = XCConfigurationList;
			buildConfigurations = (
				74663B5819C16A5E0055DBCC /* Debug */,
				74663B5919C16A5E0055DBCC /* Release */,
			);
			defaultConfigurationIsVisible = 0;
		};
/* End XCConfigurationList section */
	};
	rootObject = 74663B1A19C16A5E0055DBCC /* Project object */;
}
